
Microsoft Visual Studio Solution File, Format Version 12.00
# Visual Studio Version 16
VisualStudioVersion = 16.0.30804.86
MinimumVisualStudioVersion = 10.0.40219.1
Project("{FAE04EC0-301F-11D3-BF4B-00C04F79EFBC}") = "EncryptionApp", "EncryptionFun\EncryptionApp.csproj", "{2B0FDADC-55A6-444D-BC8C-40D137841FD4}"
EndProject
Global
	GlobalSection(SolutionConfigurationPlatforms) = preSolution
		Debug|Any CPU = Debug|Any CPU
		Release|Any CPU = Release|Any CPU
	EndGlobalSection
	GlobalSection(ProjectConfigurationPlatforms) = postSolution
		{2B0FDADC-55A6-444D-BC8C-40D137841FD4}.Debug|Any CPU.ActiveCfg = Debug|Any CPU
		{2B0FDADC-55A6-444D-BC8C-40D137841FD4}.Debug|Any CPU.Build.0 = Debug|Any CPU
		{2B0FDADC-55A6-444D-BC8C-40D137841FD4}.Release|Any CPU.ActiveCfg = Release|Any CPU
		{2B0FDADC-55A6-444D-BC8C-40D137841FD4}.Release|Any CPU.Build.0 = Release|Any CPU
	EndGlobalSection
	GlobalSection(SolutionProperties) = preSolution
		HideSolutionNode = FALSE
	EndGlobalSection
	GlobalSection(ExtensibilityGlobals) = postSolution
		SolutionGuid = {0DFCEAB2-FC6F-4F62-8763-74E60201863A}
	EndGlobalSection
EndGlobal
